
Microsoft Visual Studio Solution File, Format Version 12.00
# Visual Studio Version 17
VisualStudioVersion = 17.0.31919.166
MinimumVisualStudioVersion = 10.0.40219.1
Project("{FAE04EC0-301F-11D3-BF4B-00C04F79EFBC}") = "C_Sharp_Generics", "C_Sharp_Generics\C_Sharp_Generics.csproj", "{0A099016-9EF5-4B0C-B46D-0B87513C0FCB}"
EndProject
Global
	GlobalSection(SolutionConfigurationPlatforms) = preSolution
		Debug|Any CPU = Debug|Any CPU
		Release|Any CPU = Release|Any CPU
	EndGlobalSection
	GlobalSection(ProjectConfigurationPlatforms) = postSolution
		{0A099016-9EF5-4B0C-B46D-0B87513C0FCB}.Debug|Any CPU.ActiveCfg = Debug|Any CPU
		{0A099016-9EF5-4B0C-B46D-0B87513C0FCB}.Debug|Any CPU.Build.0 = Debug|Any CPU
		{0A099016-9EF5-4B0C-B46D-0B87513C0FCB}.Release|Any CPU.ActiveCfg = Release|Any CPU
		{0A099016-9EF5-4B0C-B46D-0B87513C0FCB}.Release|Any CPU.Build.0 = Release|Any CPU
	EndGlobalSection
	GlobalSection(SolutionProperties) = preSolution
		HideSolutionNode = FALSE
	EndGlobalSection
	GlobalSection(ExtensibilityGlobals) = postSolution
		SolutionGuid = {19105A52-7606-420B-9567-4625295ED2BB}
	EndGlobalSection
EndGlobal
